
Microsoft Visual Studio Solution File, Format Version 12.00
# Visual Studio Version 16
VisualStudioVersion = 16.0.31112.23
MinimumVisualStudioVersion = 10.0.40219.1
Project("{FAE04EC0-301F-11D3-BF4B-00C04F79EFBC}") = "BooksCrud", "BooksCrud\BooksCrud.csproj", "{A26EB0E0-5BBC-4C0F-8C2B-9BD5AE7FA498}"
EndProject
Global
	GlobalSection(SolutionConfigurationPlatforms) = preSolution
		Debug|Any CPU = Debug|Any CPU
		Release|Any CPU = Release|Any CPU
	EndGlobalSection
	GlobalSection(ProjectConfigurationPlatforms) = postSolution
		{A26EB0E0-5BBC-4C0F-8C2B-9BD5AE7FA498}.Debug|Any CPU.ActiveCfg = Debug|Any CPU
		{A26EB0E0-5BBC-4C0F-8C2B-9BD5AE7FA498}.Debug|Any CPU.Build.0 = Debug|Any CPU
		{A26EB0E0-5BBC-4C0F-8C2B-9BD5AE7FA498}.Release|Any CPU.ActiveCfg = Release|Any CPU
		{A26EB0E0-5BBC-4C0F-8C2B-9BD5AE7FA498}.Release|Any CPU.Build.0 = Release|Any CPU
	EndGlobalSection
	GlobalSection(SolutionProperties) = preSolution
		HideSolutionNode = FALSE
	EndGlobalSection
	GlobalSection(ExtensibilityGlobals) = postSolution
		SolutionGuid = {F3AF6F99-0BEA-4865-B8C2-1C5F5250A0A6}
	EndGlobalSection
EndGlobal
